// !$*UTF8*$!
{
	archiveVersion = 1;
	classes = {
	};
	objectVersion = 46;
	objects = {

/* Begin PBXBuildFile section */
		91563DE21CDFEFA50024BB0A /* PokeCell.swift in Sources */ = {isa = PBXBuildFile; fileRef = 91563DE11CDFEFA50024BB0A /* PokeCell.swift */; };
		91563DE41CDFFCF40024BB0A /* csv.swift in Sources */ = {isa = PBXBuildFile; fileRef = 91563DE31CDFFCF40024BB0A /* csv.swift */; };
		91563DE91CE005E10024BB0A /* pokemon.ttf in Resources */ = {isa = PBXBuildFile; fileRef = 91563DE81CE005E10024BB0A /* pokemon.ttf */; };
		91563DEB1CE008D60024BB0A /* music.mp3 in Resources */ = {isa = PBXBuildFile; fileRef = 91563DEA1CE008D60024BB0A /* music.mp3 */; };
		91F4409F1CDFD73400B442C2 /* pokemon.csv in Resources */ = {isa = PBXBuildFile; fileRef = 91F4409E1CDFD73400B442C2 /* pokemon.csv */; };
		91F440A21CDFD96400B442C2 /* Pokemon.swift in Sources */ = {isa = PBXBuildFile; fileRef = 91F440A11CDFD96400B442C2 /* Pokemon.swift */; };
		91FEE0391CDD4E5800352886 /* AppDelegate.swift in Sources */ = {isa = PBXBuildFile; fileRef = 91FEE0381CDD4E5800352886 /* AppDelegate.swift */; };
		91FEE03B1CDD4E5800352886 /* ViewController.swift in Sources */ = {isa = PBXBuildFile; fileRef = 91FEE03A1CDD4E5800352886 /* ViewController.swift */; };
		91FEE03E1CDD4E5800352886 /* Main.storyboard in Resources */ = {isa = PBXBuildFile; fileRef = 91FEE03C1CDD4E5800352886 /* Main.storyboard */; };
		91FEE0401CDD4E5800352886 /* Assets.xcassets in Resources */ = {isa = PBXBuildFile; fileRef = 91FEE03F1CDD4E5800352886 /* Assets.xcassets */; };
		91FEE0431CDD4E5800352886 /* LaunchScreen.storyboard in Resources */ = {isa = PBXBuildFile; fileRef = 91FEE0411CDD4E5800352886 /* LaunchScreen.storyboard */; };
/* End PBXBuildFile section */

/* Begin PBXFileReference section */
		91563DE11CDFEFA50024BB0A /* PokeCell.swift */ = {isa = PBXFileReference; fileEncoding = 4; lastKnownFileType = sourcecode.swift; path = PokeCell.swift; sourceTree = "<group>"; };
		91563DE31CDFFCF40024BB0A /* csv.swift */ = {isa = PBXFileReference; fileEncoding = 4; lastKnownFileType = sourcecode.swift; path = csv.swift; sourceTree = "<group>"; };
		91563DE81CE005E10024BB0A /* pokemon.ttf */ = {isa = PBXFileReference; lastKnownFileType = file; path = pokemon.ttf; sourceTree = "<group>"; };
		91563DEA1CE008D60024BB0A /* music.mp3 */ = {isa = PBXFileReference; lastKnownFileType = audio.mp3; path = music.mp3; sourceTree = "<group>"; };
		91F4409E1CDFD73400B442C2 /* pokemon.csv */ = {isa = PBXFileReference; fileEncoding = 4; lastKnownFileType = text; path = pokemon.csv; sourceTree = "<group>"; };
		91F440A11CDFD96400B442C2 /* Pokemon.swift */ = {isa = PBXFileReference; fileEncoding = 4; lastKnownFileType = sourcecode.swift; path = Pokemon.swift; sourceTree = "<group>"; };
		91FEE0351CDD4E5800352886 /* Pokedex.app */ = {isa = PBXFileReference; explicitFileType = wrapper.application; includeInIndex = 0; path = Pokedex.app; sourceTree = BUILT_PRODUCTS_DIR; };
		91FEE0381CDD4E5800352886 /* AppDelegate.swift */ = {isa = PBXFileReference; lastKnownFileType = sourcecode.swift; path = AppDelegate.swift; sourceTree = "<group>"; };
		91FEE03A1CDD4E5800352886 /* ViewController.swift */ = {isa = PBXFileReference; lastKnownFileType = sourcecode.swift; path = ViewController.swift; sourceTree = "<group>"; };
		91FEE03D1CDD4E5800352886 /* Base */ = {isa = PBXFileReference; lastKnownFileType = file.storyboard; name = Base; path = Base.lproj/Main.storyboard; sourceTree = "<group>"; };
		91FEE03F1CDD4E5800352886 /* Assets.xcassets */ = {isa = PBXFileReference; lastKnownFileType = folder.assetcatalog; path = Assets.xcassets; sourceTree = "<group>"; };
		91FEE0421CDD4E5800352886 /* Base */ = {isa = PBXFileReference; lastKnownFileType = file.storyboard; name = Base; path = Base.lproj/LaunchScreen.storyboard; sourceTree = "<group>"; };
		91FEE0441CDD4E5800352886 /* Info.plist */ = {isa = PBXFileReference; lastKnownFileType = text.plist.xml; path = Info.plist; sourceTree = "<group>"; };
/* End PBXFileReference section */

/* Begin PBXFrameworksBuildPhase section */
		91FEE0321CDD4E5800352886 /* Frameworks */ = {
			isa = PBXFrameworksBuildPhase;
			buildActionMask = 2147483647;
			files = (
			);
			runOnlyForDeploymentPostprocessing = 0;
		};
/* End PBXFrameworksBuildPhase section */

/* Begin PBXGroup section */
		91563DE01CDFEF790024BB0A /* View */ = {
			isa = PBXGroup;
			children = (
				91FEE03C1CDD4E5800352886 /* Main.storyboard */,
				91563DE11CDFEFA50024BB0A /* PokeCell.swift */,
			);
			name = View;
			sourceTree = "<group>";
		};
		91563DE51CDFFD9F0024BB0A /* Utilities */ = {
			isa = PBXGroup;
			children = (
				91563DE31CDFFCF40024BB0A /* csv.swift */,
			);
			name = Utilities;
			sourceTree = "<group>";
		};
		91563DE61CDFFDAA0024BB0A /* Controller */ = {
			isa = PBXGroup;
			children = (
				91FEE03A1CDD4E5800352886 /* ViewController.swift */,
				91FEE0381CDD4E5800352886 /* AppDelegate.swift */,
			);
			name = Controller;
			sourceTree = "<group>";
		};
		91563DE71CDFFDB60024BB0A /* Resources */ = {
			isa = PBXGroup;
			children = (
				91F4409E1CDFD73400B442C2 /* pokemon.csv */,
				91563DE81CE005E10024BB0A /* pokemon.ttf */,
				91563DEA1CE008D60024BB0A /* music.mp3 */,
			);
			name = Resources;
			sourceTree = "<group>";
		};
		91F440A01CDFD94000B442C2 /* Model */ = {
			isa = PBXGroup;
			children = (
				91F440A11CDFD96400B442C2 /* Pokemon.swift */,
			);
			name = Model;
			sourceTree = "<group>";
		};
		91FEE02C1CDD4E5700352886 = {
			isa = PBXGroup;
			children = (
				91FEE0371CDD4E5800352886 /* Pokedex */,
				91FEE0361CDD4E5800352886 /* Products */,
			);
			sourceTree = "<group>";
		};
		91FEE0361CDD4E5800352886 /* Products */ = {
			isa = PBXGroup;
			children = (
				91FEE0351CDD4E5800352886 /* Pokedex.app */,
			);
			name = Products;
			sourceTree = "<group>";
		};
		91FEE0371CDD4E5800352886 /* Pokedex */ = {
			isa = PBXGroup;
			children = (
				91F440A01CDFD94000B442C2 /* Model */,
				91563DE01CDFEF790024BB0A /* View */,
				91563DE61CDFFDAA0024BB0A /* Controller */,
				91563DE51CDFFD9F0024BB0A /* Utilities */,
				91563DE71CDFFDB60024BB0A /* Resources */,
				91FEE03F1CDD4E5800352886 /* Assets.xcassets */,
				91FEE0411CDD4E5800352886 /* LaunchScreen.storyboard */,
				91FEE0441CDD4E5800352886 /* Info.plist */,
			);
			path = Pokedex;
			sourceTree = "<group>";
		};
/* End PBXGroup section */

/* Begin PBXNativeTarget section */
		91FEE0341CDD4E5800352886 /* Pokedex */ = {
			isa = PBXNativeTarget;
			buildConfigurationList = 91FEE0471CDD4E5800352886 /* Build configuration list for PBXNativeTarget "Pokedex" */;
			buildPhases = (
				91FEE0311CDD4E5800352886 /* Sources */,
				91FEE0321CDD4E5800352886 /* Frameworks */,
				91FEE0331CDD4E5800352886 /* Resources */,
			);
			buildRules = (
			);
			dependencies = (
			);
			name = Pokedex;
			productName = Pokedex;
			productReference = 91FEE0351CDD4E5800352886 /* Pokedex.app */;
			productType = "com.apple.product-type.application";
		};
/* End PBXNativeTarget section */

/* Begin PBXProject section */
		91FEE02D1CDD4E5700352886 /* Project object */ = {
			isa = PBXProject;
			attributes = {
				LastSwiftUpdateCheck = 0730;
				LastUpgradeCheck = 0730;
				ORGANIZATIONNAME = "Sean Perez";
				TargetAttributes = {
					91FEE0341CDD4E5800352886 = {
						CreatedOnToolsVersion = 7.3.1;
					};
				};
			};
			buildConfigurationList = 91FEE0301CDD4E5700352886 /* Build configuration list for PBXProject "Pokedex" */;
			compatibilityVersion = "Xcode 3.2";
			developmentRegion = English;
			hasScannedForEncodings = 0;
			knownRegions = (
				en,
				Base,
			);
			mainGroup = 91FEE02C1CDD4E5700352886;
			productRefGroup = 91FEE0361CDD4E5800352886 /* Products */;
			projectDirPath = "";
			projectRoot = "";
			targets = (
				91FEE0341CDD4E5800352886 /* Pokedex */,
			);
		};
/* End PBXProject section */

/* Begin PBXResourcesBuildPhase section */
		91FEE0331CDD4E5800352886 /* Resources */ = {
			isa = PBXResourcesBuildPhase;
			buildActionMask = 2147483647;
			files = (
				91563DE91CE005E10024BB0A /* pokemon.ttf in Resources */,
				91FEE0431CDD4E5800352886 /* LaunchScreen.storyboard in Resources */,
				91563DEB1CE008D60024BB0A /* music.mp3 in Resources */,
				91FEE0401CDD4E5800352886 /* Assets.xcassets in Resources */,
				91F4409F1CDFD73400B442C2 /* pokemon.csv in Resources */,
				91FEE03E1CDD4E5800352886 /* Main.storyboard in Resources */,
			);
			runOnlyForDeploymentPostprocessing = 0;
		};
/* End PBXResourcesBuildPhase section */

/* Begin PBXSourcesBuildPhase section */
		91FEE0311CDD4E5800352886 /* Sources */ = {
			isa = PBXSourcesBuildPhase;
			buildActionMask = 2147483647;
			files = (
				91563DE21CDFEFA50024BB0A /* PokeCell.swift in Sources */,
				91FEE03B1CDD4E5800352886 /* ViewController.swift in Sources */,
				91FEE0391CDD4E5800352886 /* AppDelegate.swift in Sources */,
				91F440A21CDFD96400B442C2 /* Pokemon.swift in Sources */,
				91563DE41CDFFCF40024BB0A /* csv.swift in Sources */,
			);
			runOnlyForDeploymentPostprocessing = 0;
		};
/* End PBXSourcesBuildPhase section */

/* Begin PBXVariantGroup section */
		91FEE03C1CDD4E5800352886 /* Main.storyboard */ = {
			isa = PBXVariantGroup;
			children = (
				91FEE03D1CDD4E5800352886 /* Base */,
			);
			name = Main.storyboard;
			sourceTree = "<group>";
		};
		91FEE0411CDD4E5800352886 /* LaunchScreen.storyboard */ = {
			isa = PBXVariantGroup;
			children = (
				91FEE0421CDD4E5800352886 /* Base */,
			);
			name = LaunchScreen.storyboard;
			sourceTree = "<group>";
		};
/* End PBXVariantGroup section */

/* Begin XCBuildConfiguration section */
		91FEE0451CDD4E5800352886 /* Debug */ = {
			isa = XCBuildConfiguration;
			buildSettings = {
				ALWAYS_SEARCH_USER_PATHS = NO;
				CLANG_ANALYZER_NONNULL = YES;
				CLANG_CXX_LANGUAGE_STANDARD = "gnu++0x";
				CLANG_CXX_LIBRARY = "libc++";
				CLANG_ENABLE_MODULES = YES;
				CLANG_ENABLE_OBJC_ARC = YES;
				CLANG_WARN_BOOL_CONVERSION = YES;
				CLANG_WARN_CONSTANT_CONVERSION = YES;
				CLANG_WARN_DIRECT_OBJC_ISA_USAGE = YES_ERROR;
				CLANG_WARN_EMPTY_BODY = YES;
				CLANG_WARN_ENUM_CONVERSION = YES;
				CLANG_WARN_INT_CONVERSION = YES;
				CLANG_WARN_OBJC_ROOT_CLASS = YES_ERROR;
				CLANG_WARN_UNREACHABLE_CODE = YES;
				CLANG_WARN__DUPLICATE_METHOD_MATCH = YES;
				"CODE_SIGN_IDENTITY[sdk=iphoneos*]" = "iPhone Developer";
				COPY_PHASE_STRIP = NO;
				DEBUG_INFORMATION_FORMAT = dwarf;
				ENABLE_STRICT_OBJC_MSGSEND = YES;
				ENABLE_TESTABILITY = YES;
				GCC_C_LANGUAGE_STANDARD = gnu99;
				GCC_DYNAMIC_NO_PIC = NO;
				GCC_NO_COMMON_BLOCKS = YES;
				GCC_OPTIMIZATION_LEVEL = 0;
				GCC_PREPROCESSOR_DEFINITIONS = (
					"DEBUG=1",
					"$(inherited)",
				);
				GCC_WARN_64_TO_32_BIT_CONVERSION = YES;
				GCC_WARN_ABOUT_RETURN_TYPE = YES_ERROR;
				GCC_WARN_UNDECLARED_SELECTOR = YES;
				GCC_WARN_UNINITIALIZED_AUTOS = YES_AGGRESSIVE;
				GCC_WARN_UNUSED_FUNCTION = YES;
				GCC_WARN_UNUSED_VARIABLE = YES;
				IPHONEOS_DEPLOYMENT_TARGET = 9.3;
				MTL_ENABLE_DEBUG_INFO = YES;
				ONLY_ACTIVE_ARCH = YES;
				SDKROOT = iphoneos;
				SWIFT_OPTIMIZATION_LEVEL = "-Onone";
				TARGETED_DEVICE_FAMILY = "1,2";
			};
			name = Debug;
		};
		91FEE0461CDD4E5800352886 /* Release */ = {
			isa = XCBuildConfiguration;
			buildSettings = {
				ALWAYS_SEARCH_USER_PATHS = NO;
				CLANG_ANALYZER_NONNULL = YES;
				CLANG_CXX_LANGUAGE_STANDARD = "gnu++0x";
				CLANG_CXX_LIBRARY = "libc++";
				CLANG_ENABLE_MODULES = YES;
				CLANG_ENABLE_OBJC_ARC = YES;
				CLANG_WARN_BOOL_CONVERSION = YES;
				CLANG_WARN_CONSTANT_CONVERSION = YES;
				CLANG_WARN_DIRECT_OBJC_ISA_USAGE = YES_ERROR;
				CLANG_WARN_EMPTY_BODY = YES;
				CLANG_WARN_ENUM_CONVERSION = YES;
				CLANG_WARN_INT_CONVERSION = YES;
				CLANG_WARN_OBJC_ROOT_CLASS = YES_ERROR;
				CLANG_WARN_UNREACHABLE_CODE = YES;
				CLANG_WARN__DUPLICATE_METHOD_MATCH = YES;
				"CODE_SIGN_IDENTITY[sdk=iphoneos*]" = "iPhone Developer";
				COPY_PHASE_STRIP = NO;
				DEBUG_INFORMATION_FORMAT = "dwarf-with-dsym";
				ENABLE_NS_ASSERTIONS = NO;
				ENABLE_STRICT_OBJC_MSGSEND = YES;
				GCC_C_LANGUAGE_STANDARD = gnu99;
				GCC_NO_COMMON_BLOCKS = YES;
				GCC_WARN_64_TO_32_BIT_CONVERSION = YES;
				GCC_WARN_ABOUT_RETURN_TYPE = YES_ERROR;
				GCC_WARN_UNDECLARED_SELECTOR = YES;
				GCC_WARN_UNINITIALIZED_AUTOS = YES_AGGRESSIVE;
				GCC_WARN_UNUSED_FUNCTION = YES;
				GCC_WARN_UNUSED_VARIABLE = YES;
				IPHONEOS_DEPLOYMENT_TARGET = 9.3;
				MTL_ENABLE_DEBUG_INFO = NO;
				SDKROOT = iphoneos;
				TARGETED_DEVICE_FAMILY = "1,2";
				VALIDATE_PRODUCT = YES;
			};
			name = Release;
		};
		91FEE0481CDD4E5800352886 /* Debug */ = {
			isa = XCBuildConfiguration;
			buildSettings = {
				ASSETCATALOG_COMPILER_APPICON_NAME = AppIcon;
				INFOPLIST_FILE = Pokedex/Info.plist;
				LD_RUNPATH_SEARCH_PATHS = "$(inherited) @executable_path/Frameworks";
				PRODUCT_BUNDLE_IDENTIFIER = Sean.Pokedex;
				PRODUCT_NAME = "$(TARGET_NAME)";
			};
			name = Debug;
		};
		91FEE0491CDD4E5800352886 /* Release */ = {
			isa = XCBuildConfiguration;
			buildSettings = {
				ASSETCATALOG_COMPILER_APPICON_NAME = AppIcon;
				INFOPLIST_FILE = Pokedex/Info.plist;
				LD_RUNPATH_SEARCH_PATHS = "$(inherited) @executable_path/Frameworks";
				PRODUCT_BUNDLE_IDENTIFIER = Sean.Pokedex;
				PRODUCT_NAME = "$(TARGET_NAME)";
			};
			name = Release;
		};
/* End XCBuildConfiguration section */

/* Begin XCConfigurationList section */
		91FEE0301CDD4E5700352886 /* Build configuration list for PBXProject "Pokedex" */ = {
			isa = XCConfigurationList;
			buildConfigurations = (
				91FEE0451CDD4E5800352886 /* Debug */,
				91FEE0461CDD4E5800352886 /* Release */,
			);
			defaultConfigurationIsVisible = 0;
			defaultConfigurationName = Release;
		};
		91FEE0471CDD4E5800352886 /* Build configuration list for PBXNativeTarget "Pokedex" */ = {
			isa = XCConfigurationList;
			buildConfigurations = (
				91FEE0481CDD4E5800352886 /* Debug */,
				91FEE0491CDD4E5800352886 /* Release */,
			);
			defaultConfigurationIsVisible = 0;
			defaultConfigurationName = Release;
		};
/* End XCConfigurationList section */
	};
	rootObject = 91FEE02D1CDD4E5700352886 /* Project object */;
}
